
Microsoft Visual Studio Solution File, Format Version 12.00
Project("{FAE04EC0-301F-11D3-BF4B-00C04F79EFBC}") = "libraw", "src\libraw\libraw.csproj", "{0999F4D2-709B-442E-A76D-C1625B570163}"
EndProject
Global
	GlobalSection(SolutionConfigurationPlatforms) = preSolution
		Debug|Any CPU = Debug|Any CPU
		Release|Any CPU = Release|Any CPU
	EndGlobalSection
	GlobalSection(ProjectConfigurationPlatforms) = postSolution
		{0999F4D2-709B-442E-A76D-C1625B570163}.Debug|Any CPU.ActiveCfg = Debug|Any CPU
		{0999F4D2-709B-442E-A76D-C1625B570163}.Debug|Any CPU.Build.0 = Debug|Any CPU
		{0999F4D2-709B-442E-A76D-C1625B570163}.Release|Any CPU.ActiveCfg = Release|Any CPU
		{0999F4D2-709B-442E-A76D-C1625B570163}.Release|Any CPU.Build.0 = Release|Any CPU
	EndGlobalSection
EndGlobal
